
Microsoft Visual Studio Solution File, Format Version 12.00
# Visual Studio Version 17
VisualStudioVersion = 17.12.35707.178 d17.12
MinimumVisualStudioVersion = 10.0.40219.1
Project("{FAE04EC0-301F-11D3-BF4B-00C04F79EFBC}") = "BackendAuth", "BackendAuth\BackendAuth.csproj", "{5C24D641-485A-4386-88A0-1B49E419296A}"
EndProject
Project("{FAE04EC0-301F-11D3-BF4B-00C04F79EFBC}") = "TestProject1", "TestProject1\TestProject1.csproj", "{A7480893-7FB4-43A2-84F3-8F50C9572402}"
EndProject
Global
	GlobalSection(SolutionConfigurationPlatforms) = preSolution
		Debug|Any CPU = Debug|Any CPU
		Release|Any CPU = Release|Any CPU
	EndGlobalSection
	GlobalSection(ProjectConfigurationPlatforms) = postSolution
		{5C24D641-485A-4386-88A0-1B49E419296A}.Debug|Any CPU.ActiveCfg = Debug|Any CPU
		{5C24D641-485A-4386-88A0-1B49E419296A}.Debug|Any CPU.Build.0 = Debug|Any CPU
		{5C24D641-485A-4386-88A0-1B49E419296A}.Release|Any CPU.ActiveCfg = Release|Any CPU
		{5C24D641-485A-4386-88A0-1B49E419296A}.Release|Any CPU.Build.0 = Release|Any CPU
		{A7480893-7FB4-43A2-84F3-8F50C9572402}.Debug|Any CPU.ActiveCfg = Debug|Any CPU
		{A7480893-7FB4-43A2-84F3-8F50C9572402}.Debug|Any CPU.Build.0 = Debug|Any CPU
		{A7480893-7FB4-43A2-84F3-8F50C9572402}.Release|Any CPU.ActiveCfg = Release|Any CPU
		{A7480893-7FB4-43A2-84F3-8F50C9572402}.Release|Any CPU.Build.0 = Release|Any CPU
	EndGlobalSection
	GlobalSection(SolutionProperties) = preSolution
		HideSolutionNode = FALSE
	EndGlobalSection
EndGlobal
